// !$*UTF8*$!
{
	archiveVersion = 1;
	classes = {
	};
	objectVersion = 56;
	objects = {

/* Begin PBXBuildFile section */
		877CB85A29E3AA1B00CCC68E /* BaseService.swift in Sources */ = {isa = PBXBuildFile; fileRef = 877CB85929E3AA1B00CCC68E /* BaseService.swift */; };
		877CB85C29E3AA3600CCC68E /* AuthService.swift in Sources */ = {isa = PBXBuildFile; fileRef = 877CB85B29E3AA3600CCC68E /* AuthService.swift */; };
		877CB85E29E3ACCA00CCC68E /* UserService.swift in Sources */ = {isa = PBXBuildFile; fileRef = 877CB85D29E3ACCA00CCC68E /* UserService.swift */; };
		877CB86129E3AD9D00CCC68E /* Dependencies in Frameworks */ = {isa = PBXBuildFile; productRef = 877CB86029E3AD9D00CCC68E /* Dependencies */; };
		877CB86429E3ADEF00CCC68E /* Dependencies+Networking.swift in Sources */ = {isa = PBXBuildFile; fileRef = 877CB86329E3ADEF00CCC68E /* Dependencies+Networking.swift */; };
		877CB86729E3B1E600CCC68E /* Transform in Frameworks */ = {isa = PBXBuildFile; productRef = 877CB86629E3B1E600CCC68E /* Transform */; };
		9015F11E29D8C17200492ABD /* ExamplesApp.swift in Sources */ = {isa = PBXBuildFile; fileRef = 9015F11D29D8C17200492ABD /* ExamplesApp.swift */; };
		9015F12029D8C17200492ABD /* ContentView.swift in Sources */ = {isa = PBXBuildFile; fileRef = 9015F11F29D8C17200492ABD /* ContentView.swift */; };
		9015F12229D8C17500492ABD /* Assets.xcassets in Resources */ = {isa = PBXBuildFile; fileRef = 9015F12129D8C17500492ABD /* Assets.xcassets */; };
		9015F12629D8C17500492ABD /* Preview Assets.xcassets in Resources */ = {isa = PBXBuildFile; fileRef = 9015F12529D8C17500492ABD /* Preview Assets.xcassets */; };
		9022934729D8C2D100DF188C /* CombineRequest in Frameworks */ = {isa = PBXBuildFile; productRef = 9022934629D8C2D100DF188C /* CombineRequest */; };
		9022934929D8C2D100DF188C /* CombineSocketIO in Frameworks */ = {isa = PBXBuildFile; productRef = 9022934829D8C2D100DF188C /* CombineSocketIO */; };
		9022934B29D8C2D100DF188C /* CombineWebSocket in Frameworks */ = {isa = PBXBuildFile; productRef = 9022934A29D8C2D100DF188C /* CombineWebSocket */; };
		9022934E29D8C55200DF188C /* Json in Frameworks */ = {isa = PBXBuildFile; productRef = 9022934D29D8C55200DF188C /* Json */; };
/* End PBXBuildFile section */

/* Begin PBXFileReference section */
		877CB85929E3AA1B00CCC68E /* BaseService.swift */ = {isa = PBXFileReference; lastKnownFileType = sourcecode.swift; path = BaseService.swift; sourceTree = "<group>"; };
		877CB85B29E3AA3600CCC68E /* AuthService.swift */ = {isa = PBXFileReference; lastKnownFileType = sourcecode.swift; path = AuthService.swift; sourceTree = "<group>"; };
		877CB85D29E3ACCA00CCC68E /* UserService.swift */ = {isa = PBXFileReference; lastKnownFileType = sourcecode.swift; path = UserService.swift; sourceTree = "<group>"; };
		877CB86329E3ADEF00CCC68E /* Dependencies+Networking.swift */ = {isa = PBXFileReference; lastKnownFileType = sourcecode.swift; path = "Dependencies+Networking.swift"; sourceTree = "<group>"; };
		9015F11A29D8C17200492ABD /* Examples.app */ = {isa = PBXFileReference; explicitFileType = wrapper.application; includeInIndex = 0; path = Examples.app; sourceTree = BUILT_PRODUCTS_DIR; };
		9015F11D29D8C17200492ABD /* ExamplesApp.swift */ = {isa = PBXFileReference; lastKnownFileType = sourcecode.swift; path = ExamplesApp.swift; sourceTree = "<group>"; };
		9015F11F29D8C17200492ABD /* ContentView.swift */ = {isa = PBXFileReference; lastKnownFileType = sourcecode.swift; path = ContentView.swift; sourceTree = "<group>"; };
		9015F12129D8C17500492ABD /* Assets.xcassets */ = {isa = PBXFileReference; lastKnownFileType = folder.assetcatalog; path = Assets.xcassets; sourceTree = "<group>"; };
		9015F12329D8C17500492ABD /* Examples.entitlements */ = {isa = PBXFileReference; lastKnownFileType = text.plist.entitlements; path = Examples.entitlements; sourceTree = "<group>"; };
		9015F12529D8C17500492ABD /* Preview Assets.xcassets */ = {isa = PBXFileReference; lastKnownFileType = folder.assetcatalog; path = "Preview Assets.xcassets"; sourceTree = "<group>"; };
		9022934429D8C2A100DF188C /* swift-networking */ = {isa = PBXFileReference; lastKnownFileType = wrapper; name = "swift-networking"; path = ..; sourceTree = "<group>"; };
/* End PBXFileReference section */

/* Begin PBXFrameworksBuildPhase section */
		9015F11729D8C17200492ABD /* Frameworks */ = {
			isa = PBXFrameworksBuildPhase;
			buildActionMask = 2147483647;
			files = (
				877CB86129E3AD9D00CCC68E /* Dependencies in Frameworks */,
				9022934729D8C2D100DF188C /* CombineRequest in Frameworks */,
				9022934B29D8C2D100DF188C /* CombineWebSocket in Frameworks */,
				877CB86729E3B1E600CCC68E /* Transform in Frameworks */,
				9022934E29D8C55200DF188C /* Json in Frameworks */,
				9022934929D8C2D100DF188C /* CombineSocketIO in Frameworks */,
			);
			runOnlyForDeploymentPostprocessing = 0;
		};
/* End PBXFrameworksBuildPhase section */

/* Begin PBXGroup section */
		877CB85829E3A9CE00CCC68E /* NetworkService */ = {
			isa = PBXGroup;
			children = (
				877CB85929E3AA1B00CCC68E /* BaseService.swift */,
				877CB85B29E3AA3600CCC68E /* AuthService.swift */,
				877CB85D29E3ACCA00CCC68E /* UserService.swift */,
			);
			path = NetworkService;
			sourceTree = "<group>";
		};
		877CB86229E3ADD000CCC68E /* Dependencies */ = {
			isa = PBXGroup;
			children = (
				877CB86329E3ADEF00CCC68E /* Dependencies+Networking.swift */,
			);
			path = Dependencies;
			sourceTree = "<group>";
		};
		9015F11129D8C17200492ABD = {
			isa = PBXGroup;
			children = (
				9022934429D8C2A100DF188C /* swift-networking */,
				9015F11C29D8C17200492ABD /* Examples */,
				9015F11B29D8C17200492ABD /* Products */,
				9022934529D8C2D100DF188C /* Frameworks */,
			);
			sourceTree = "<group>";
		};
		9015F11B29D8C17200492ABD /* Products */ = {
			isa = PBXGroup;
			children = (
				9015F11A29D8C17200492ABD /* Examples.app */,
			);
			name = Products;
			sourceTree = "<group>";
		};
		9015F11C29D8C17200492ABD /* Examples */ = {
			isa = PBXGroup;
			children = (
				877CB86229E3ADD000CCC68E /* Dependencies */,
				877CB85829E3A9CE00CCC68E /* NetworkService */,
				9015F11D29D8C17200492ABD /* ExamplesApp.swift */,
				9015F11F29D8C17200492ABD /* ContentView.swift */,
				9015F12129D8C17500492ABD /* Assets.xcassets */,
				9015F12329D8C17500492ABD /* Examples.entitlements */,
				9015F12429D8C17500492ABD /* Preview Content */,
			);
			path = Examples;
			sourceTree = "<group>";
		};
		9015F12429D8C17500492ABD /* Preview Content */ = {
			isa = PBXGroup;
			children = (
				9015F12529D8C17500492ABD /* Preview Assets.xcassets */,
			);
			path = "Preview Content";
			sourceTree = "<group>";
		};
		9022934529D8C2D100DF188C /* Frameworks */ = {
			isa = PBXGroup;
			children = (
			);
			name = Frameworks;
			sourceTree = "<group>";
		};
/* End PBXGroup section */

/* Begin PBXNativeTarget section */
		9015F11929D8C17200492ABD /* Examples */ = {
			isa = PBXNativeTarget;
			buildConfigurationList = 9015F12929D8C17500492ABD /* Build configuration list for PBXNativeTarget "Examples" */;
			buildPhases = (
				9015F11629D8C17200492ABD /* Sources */,
				9015F11729D8C17200492ABD /* Frameworks */,
				9015F11829D8C17200492ABD /* Resources */,
			);
			buildRules = (
			);
			dependencies = (
			);
			name = Examples;
			packageProductDependencies = (
				9022934629D8C2D100DF188C /* CombineRequest */,
				9022934829D8C2D100DF188C /* CombineSocketIO */,
				9022934A29D8C2D100DF188C /* CombineWebSocket */,
				9022934D29D8C55200DF188C /* Json */,
				877CB86029E3AD9D00CCC68E /* Dependencies */,
				877CB86629E3B1E600CCC68E /* Transform */,
			);
			productName = Examples;
			productReference = 9015F11A29D8C17200492ABD /* Examples.app */;
			productType = "com.apple.product-type.application";
		};
/* End PBXNativeTarget section */

/* Begin PBXProject section */
		9015F11229D8C17200492ABD /* Project object */ = {
			isa = PBXProject;
			attributes = {
				BuildIndependentTargetsInParallel = 1;
				LastSwiftUpdateCheck = 1420;
				LastUpgradeCheck = 1420;
				TargetAttributes = {
					9015F11929D8C17200492ABD = {
						CreatedOnToolsVersion = 14.2;
					};
				};
			};
			buildConfigurationList = 9015F11529D8C17200492ABD /* Build configuration list for PBXProject "Examples" */;
			compatibilityVersion = "Xcode 14.0";
			developmentRegion = en;
			hasScannedForEncodings = 0;
			knownRegions = (
				en,
				Base,
			);
			mainGroup = 9015F11129D8C17200492ABD;
			packageReferences = (
				9022934C29D8C55200DF188C /* XCRemoteSwiftPackageReference "swift-json" */,
				877CB85F29E3AD9D00CCC68E /* XCRemoteSwiftPackageReference "swift-dependencies" */,
				877CB86529E3B1E600CCC68E /* XCRemoteSwiftPackageReference "swift-extension" */,
			);
			productRefGroup = 9015F11B29D8C17200492ABD /* Products */;
			projectDirPath = "";
			projectRoot = "";
			targets = (
				9015F11929D8C17200492ABD /* Examples */,
			);
		};
/* End PBXProject section */

/* Begin PBXResourcesBuildPhase section */
		9015F11829D8C17200492ABD /* Resources */ = {
			isa = PBXResourcesBuildPhase;
			buildActionMask = 2147483647;
			files = (
				9015F12629D8C17500492ABD /* Preview Assets.xcassets in Resources */,
				9015F12229D8C17500492ABD /* Assets.xcassets in Resources */,
			);
			runOnlyForDeploymentPostprocessing = 0;
		};
/* End PBXResourcesBuildPhase section */

/* Begin PBXSourcesBuildPhase section */
		9015F11629D8C17200492ABD /* Sources */ = {
			isa = PBXSourcesBuildPhase;
			buildActionMask = 2147483647;
			files = (
				9015F12029D8C17200492ABD /* ContentView.swift in Sources */,
				877CB86429E3ADEF00CCC68E /* Dependencies+Networking.swift in Sources */,
				877CB85E29E3ACCA00CCC68E /* UserService.swift in Sources */,
				9015F11E29D8C17200492ABD /* ExamplesApp.swift in Sources */,
				877CB85A29E3AA1B00CCC68E /* BaseService.swift in Sources */,
				877CB85C29E3AA3600CCC68E /* AuthService.swift in Sources */,
			);
			runOnlyForDeploymentPostprocessing = 0;
		};
/* End PBXSourcesBuildPhase section */

/* Begin XCBuildConfiguration section */
		9015F12729D8C17500492ABD /* Debug */ = {
			isa = XCBuildConfiguration;
			buildSettings = {
				ALWAYS_SEARCH_USER_PATHS = NO;
				CLANG_ANALYZER_NONNULL = YES;
				CLANG_ANALYZER_NUMBER_OBJECT_CONVERSION = YES_AGGRESSIVE;
				CLANG_CXX_LANGUAGE_STANDARD = "gnu++20";
				CLANG_ENABLE_MODULES = YES;
				CLANG_ENABLE_OBJC_ARC = YES;
				CLANG_ENABLE_OBJC_WEAK = YES;
				CLANG_WARN_BLOCK_CAPTURE_AUTORELEASING = YES;
				CLANG_WARN_BOOL_CONVERSION = YES;
				CLANG_WARN_COMMA = YES;
				CLANG_WARN_CONSTANT_CONVERSION = YES;
				CLANG_WARN_DEPRECATED_OBJC_IMPLEMENTATIONS = YES;
				CLANG_WARN_DIRECT_OBJC_ISA_USAGE = YES_ERROR;
				CLANG_WARN_DOCUMENTATION_COMMENTS = YES;
				CLANG_WARN_EMPTY_BODY = YES;
				CLANG_WARN_ENUM_CONVERSION = YES;
				CLANG_WARN_INFINITE_RECURSION = YES;
				CLANG_WARN_INT_CONVERSION = YES;
				CLANG_WARN_NON_LITERAL_NULL_CONVERSION = YES;
				CLANG_WARN_OBJC_IMPLICIT_RETAIN_SELF = YES;
				CLANG_WARN_OBJC_LITERAL_CONVERSION = YES;
				CLANG_WARN_OBJC_ROOT_CLASS = YES_ERROR;
				CLANG_WARN_QUOTED_INCLUDE_IN_FRAMEWORK_HEADER = YES;
				CLANG_WARN_RANGE_LOOP_ANALYSIS = YES;
				CLANG_WARN_STRICT_PROTOTYPES = YES;
				CLANG_WARN_SUSPICIOUS_MOVE = YES;
				CLANG_WARN_UNGUARDED_AVAILABILITY = YES_AGGRESSIVE;
				CLANG_WARN_UNREACHABLE_CODE = YES;
				CLANG_WARN__DUPLICATE_METHOD_MATCH = YES;
				COPY_PHASE_STRIP = NO;
				DEBUG_INFORMATION_FORMAT = dwarf;
				ENABLE_STRICT_OBJC_MSGSEND = YES;
				ENABLE_TESTABILITY = YES;
				GCC_C_LANGUAGE_STANDARD = gnu11;
				GCC_DYNAMIC_NO_PIC = NO;
				GCC_NO_COMMON_BLOCKS = YES;
				GCC_OPTIMIZATION_LEVEL = 0;
				GCC_PREPROCESSOR_DEFINITIONS = (
					"DEBUG=1",
					"$(inherited)",
				);
				GCC_WARN_64_TO_32_BIT_CONVERSION = YES;
				GCC_WARN_ABOUT_RETURN_TYPE = YES_ERROR;
				GCC_WARN_UNDECLARED_SELECTOR = YES;
				GCC_WARN_UNINITIALIZED_AUTOS = YES_AGGRESSIVE;
				GCC_WARN_UNUSED_FUNCTION = YES;
				GCC_WARN_UNUSED_VARIABLE = YES;
				IPHONEOS_DEPLOYMENT_TARGET = 16.2;
				MTL_ENABLE_DEBUG_INFO = INCLUDE_SOURCE;
				MTL_FAST_MATH = YES;
				ONLY_ACTIVE_ARCH = YES;
				SWIFT_ACTIVE_COMPILATION_CONDITIONS = DEBUG;
				SWIFT_OPTIMIZATION_LEVEL = "-Onone";
			};
			name = Debug;
		};
		9015F12829D8C17500492ABD /* Release */ = {
			isa = XCBuildConfiguration;
			buildSettings = {
				ALWAYS_SEARCH_USER_PATHS = NO;
				CLANG_ANALYZER_NONNULL = YES;
				CLANG_ANALYZER_NUMBER_OBJECT_CONVERSION = YES_AGGRESSIVE;
				CLANG_CXX_LANGUAGE_STANDARD = "gnu++20";
				CLANG_ENABLE_MODULES = YES;
				CLANG_ENABLE_OBJC_ARC = YES;
				CLANG_ENABLE_OBJC_WEAK = YES;
				CLANG_WARN_BLOCK_CAPTURE_AUTORELEASING = YES;
				CLANG_WARN_BOOL_CONVERSION = YES;
				CLANG_WARN_COMMA = YES;
				CLANG_WARN_CONSTANT_CONVERSION = YES;
				CLANG_WARN_DEPRECATED_OBJC_IMPLEMENTATIONS = YES;
				CLANG_WARN_DIRECT_OBJC_ISA_USAGE = YES_ERROR;
				CLANG_WARN_DOCUMENTATION_COMMENTS = YES;
				CLANG_WARN_EMPTY_BODY = YES;
				CLANG_WARN_ENUM_CONVERSION = YES;
				CLANG_WARN_INFINITE_RECURSION = YES;
				CLANG_WARN_INT_CONVERSION = YES;
				CLANG_WARN_NON_LITERAL_NULL_CONVERSION = YES;
				CLANG_WARN_OBJC_IMPLICIT_RETAIN_SELF = YES;
				CLANG_WARN_OBJC_LITERAL_CONVERSION = YES;
				CLANG_WARN_OBJC_ROOT_CLASS = YES_ERROR;
				CLANG_WARN_QUOTED_INCLUDE_IN_FRAMEWORK_HEADER = YES;
				CLANG_WARN_RANGE_LOOP_ANALYSIS = YES;
				CLANG_WARN_STRICT_PROTOTYPES = YES;
				CLANG_WARN_SUSPICIOUS_MOVE = YES;
				CLANG_WARN_UNGUARDED_AVAILABILITY = YES_AGGRESSIVE;
				CLANG_WARN_UNREACHABLE_CODE = YES;
				CLANG_WARN__DUPLICATE_METHOD_MATCH = YES;
				COPY_PHASE_STRIP = NO;
				DEBUG_INFORMATION_FORMAT = "dwarf-with-dsym";
				ENABLE_NS_ASSERTIONS = NO;
				ENABLE_STRICT_OBJC_MSGSEND = YES;
				GCC_C_LANGUAGE_STANDARD = gnu11;
				GCC_NO_COMMON_BLOCKS = YES;
				GCC_WARN_64_TO_32_BIT_CONVERSION = YES;
				GCC_WARN_ABOUT_RETURN_TYPE = YES_ERROR;
				GCC_WARN_UNDECLARED_SELECTOR = YES;
				GCC_WARN_UNINITIALIZED_AUTOS = YES_AGGRESSIVE;
				GCC_WARN_UNUSED_FUNCTION = YES;
				GCC_WARN_UNUSED_VARIABLE = YES;
				IPHONEOS_DEPLOYMENT_TARGET = 16.2;
				MTL_ENABLE_DEBUG_INFO = NO;
				MTL_FAST_MATH = YES;
				SWIFT_COMPILATION_MODE = wholemodule;
				SWIFT_OPTIMIZATION_LEVEL = "-O";
			};
			name = Release;
		};
		9015F12A29D8C17500492ABD /* Debug */ = {
			isa = XCBuildConfiguration;
			buildSettings = {
				ASSETCATALOG_COMPILER_APPICON_NAME = AppIcon;
				ASSETCATALOG_COMPILER_GLOBAL_ACCENT_COLOR_NAME = AccentColor;
				CODE_SIGN_ENTITLEMENTS = Examples/Examples.entitlements;
				CODE_SIGN_STYLE = Automatic;
				CURRENT_PROJECT_VERSION = 1;
				DEVELOPMENT_ASSET_PATHS = "\"Examples/Preview Content\"";
				ENABLE_PREVIEWS = YES;
				GENERATE_INFOPLIST_FILE = YES;
				"INFOPLIST_KEY_UIApplicationSceneManifest_Generation[sdk=iphoneos*]" = YES;
				"INFOPLIST_KEY_UIApplicationSceneManifest_Generation[sdk=iphonesimulator*]" = YES;
				"INFOPLIST_KEY_UIApplicationSupportsIndirectInputEvents[sdk=iphoneos*]" = YES;
				"INFOPLIST_KEY_UIApplicationSupportsIndirectInputEvents[sdk=iphonesimulator*]" = YES;
				"INFOPLIST_KEY_UILaunchScreen_Generation[sdk=iphoneos*]" = YES;
				"INFOPLIST_KEY_UILaunchScreen_Generation[sdk=iphonesimulator*]" = YES;
				"INFOPLIST_KEY_UIStatusBarStyle[sdk=iphoneos*]" = UIStatusBarStyleDefault;
				"INFOPLIST_KEY_UIStatusBarStyle[sdk=iphonesimulator*]" = UIStatusBarStyleDefault;
				INFOPLIST_KEY_UISupportedInterfaceOrientations_iPad = "UIInterfaceOrientationPortrait UIInterfaceOrientationPortraitUpsideDown UIInterfaceOrientationLandscapeLeft UIInterfaceOrientationLandscapeRight";
				INFOPLIST_KEY_UISupportedInterfaceOrientations_iPhone = "UIInterfaceOrientationPortrait UIInterfaceOrientationLandscapeLeft UIInterfaceOrientationLandscapeRight";
				IPHONEOS_DEPLOYMENT_TARGET = 16.2;
				LD_RUNPATH_SEARCH_PATHS = "@executable_path/Frameworks";
				"LD_RUNPATH_SEARCH_PATHS[sdk=macosx*]" = "@executable_path/../Frameworks";
				MACOSX_DEPLOYMENT_TARGET = 12.6;
				MARKETING_VERSION = 1.0;
				PRODUCT_BUNDLE_IDENTIFIER = "swift-networking.Examples";
				PRODUCT_NAME = "$(TARGET_NAME)";
				SDKROOT = auto;
				SUPPORTED_PLATFORMS = "iphoneos iphonesimulator macosx";
				SWIFT_EMIT_LOC_STRINGS = YES;
				SWIFT_VERSION = 5.0;
				TARGETED_DEVICE_FAMILY = "1,2";
			};
			name = Debug;
		};
		9015F12B29D8C17500492ABD /* Release */ = {
			isa = XCBuildConfiguration;
			buildSettings = {
				ASSETCATALOG_COMPILER_APPICON_NAME = AppIcon;
				ASSETCATALOG_COMPILER_GLOBAL_ACCENT_COLOR_NAME = AccentColor;
				CODE_SIGN_ENTITLEMENTS = Examples/Examples.entitlements;
				CODE_SIGN_STYLE = Automatic;
				CURRENT_PROJECT_VERSION = 1;
				DEVELOPMENT_ASSET_PATHS = "\"Examples/Preview Content\"";
				ENABLE_PREVIEWS = YES;
				GENERATE_INFOPLIST_FILE = YES;
				"INFOPLIST_KEY_UIApplicationSceneManifest_Generation[sdk=iphoneos*]" = YES;
				"INFOPLIST_KEY_UIApplicationSceneManifest_Generation[sdk=iphonesimulator*]" = YES;
				"INFOPLIST_KEY_UIApplicationSupportsIndirectInputEvents[sdk=iphoneos*]" = YES;
				"INFOPLIST_KEY_UIApplicationSupportsIndirectInputEvents[sdk=iphonesimulator*]" = YES;
				"INFOPLIST_KEY_UILaunchScreen_Generation[sdk=iphoneos*]" = YES;
				"INFOPLIST_KEY_UILaunchScreen_Generation[sdk=iphonesimulator*]" = YES;
				"INFOPLIST_KEY_UIStatusBarStyle[sdk=iphoneos*]" = UIStatusBarStyleDefault;
				"INFOPLIST_KEY_UIStatusBarStyle[sdk=iphonesimulator*]" = UIStatusBarStyleDefault;
				INFOPLIST_KEY_UISupportedInterfaceOrientations_iPad = "UIInterfaceOrientationPortrait UIInterfaceOrientationPortraitUpsideDown UIInterfaceOrientationLandscapeLeft UIInterfaceOrientationLandscapeRight";
				INFOPLIST_KEY_UISupportedInterfaceOrientations_iPhone = "UIInterfaceOrientationPortrait UIInterfaceOrientationLandscapeLeft UIInterfaceOrientationLandscapeRight";
				IPHONEOS_DEPLOYMENT_TARGET = 16.2;
				LD_RUNPATH_SEARCH_PATHS = "@executable_path/Frameworks";
				"LD_RUNPATH_SEARCH_PATHS[sdk=macosx*]" = "@executable_path/../Frameworks";
				MACOSX_DEPLOYMENT_TARGET = 12.6;
				MARKETING_VERSION = 1.0;
				PRODUCT_BUNDLE_IDENTIFIER = "swift-networking.Examples";
				PRODUCT_NAME = "$(TARGET_NAME)";
				SDKROOT = auto;
				SUPPORTED_PLATFORMS = "iphoneos iphonesimulator macosx";
				SWIFT_EMIT_LOC_STRINGS = YES;
				SWIFT_VERSION = 5.0;
				TARGETED_DEVICE_FAMILY = "1,2";
			};
			name = Release;
		};
/* End XCBuildConfiguration section */

/* Begin XCConfigurationList section */
		9015F11529D8C17200492ABD /* Build configuration list for PBXProject "Examples" */ = {
			isa = XCConfigurationList;
			buildConfigurations = (
				9015F12729D8C17500492ABD /* Debug */,
				9015F12829D8C17500492ABD /* Release */,
			);
			defaultConfigurationIsVisible = 0;
			defaultConfigurationName = Release;
		};
		9015F12929D8C17500492ABD /* Build configuration list for PBXNativeTarget "Examples" */ = {
			isa = XCConfigurationList;
			buildConfigurations = (
				9015F12A29D8C17500492ABD /* Debug */,
				9015F12B29D8C17500492ABD /* Release */,
			);
			defaultConfigurationIsVisible = 0;
			defaultConfigurationName = Release;
		};
/* End XCConfigurationList section */

/* Begin XCRemoteSwiftPackageReference section */
		877CB85F29E3AD9D00CCC68E /* XCRemoteSwiftPackageReference "swift-dependencies" */ = {
			isa = XCRemoteSwiftPackageReference;
			repositoryURL = "https://github.com/pointfreeco/swift-dependencies.git";
			requirement = {
				kind = upToNextMajorVersion;
				minimumVersion = 0.2.0;
			};
		};
		877CB86529E3B1E600CCC68E /* XCRemoteSwiftPackageReference "swift-extension" */ = {
			isa = XCRemoteSwiftPackageReference;
			repositoryURL = "https://github.com/FullStack-Swift/swift-extension";
			requirement = {
				branch = main;
				kind = branch;
			};
		};
		9022934C29D8C55200DF188C /* XCRemoteSwiftPackageReference "swift-json" */ = {
			isa = XCRemoteSwiftPackageReference;
			repositoryURL = "https://github.com/FullStack-Swift/swift-json";
			requirement = {
				branch = main;
				kind = branch;
			};
		};
/* End XCRemoteSwiftPackageReference section */

/* Begin XCSwiftPackageProductDependency section */
		877CB86029E3AD9D00CCC68E /* Dependencies */ = {
			isa = XCSwiftPackageProductDependency;
			package = 877CB85F29E3AD9D00CCC68E /* XCRemoteSwiftPackageReference "swift-dependencies" */;
			productName = Dependencies;
		};
		877CB86629E3B1E600CCC68E /* Transform */ = {
			isa = XCSwiftPackageProductDependency;
			package = 877CB86529E3B1E600CCC68E /* XCRemoteSwiftPackageReference "swift-extension" */;
			productName = Transform;
		};
		9022934629D8C2D100DF188C /* CombineRequest */ = {
			isa = XCSwiftPackageProductDependency;
			productName = CombineRequest;
		};
		9022934829D8C2D100DF188C /* CombineSocketIO */ = {
			isa = XCSwiftPackageProductDependency;
			productName = CombineSocketIO;
		};
		9022934A29D8C2D100DF188C /* CombineWebSocket */ = {
			isa = XCSwiftPackageProductDependency;
			productName = CombineWebSocket;
		};
		9022934D29D8C55200DF188C /* Json */ = {
			isa = XCSwiftPackageProductDependency;
			package = 9022934C29D8C55200DF188C /* XCRemoteSwiftPackageReference "swift-json" */;
			productName = Json;
		};
/* End XCSwiftPackageProductDependency section */
	};
	rootObject = 9015F11229D8C17200492ABD /* Project object */;
}
