{
  "object": {
    "pins": [
      {
        "package": "Alamofire",
        "repositoryURL": "https://github.com/Alamofire/Alamofire.git",
        "state": {
          "branch": null,
          "revision": "78424be314842833c04bc3bef5b72e85fff99204",
          "version": "5.6.4"
        }
      },
      {
        "package": "combine-schedulers",
        "repositoryURL": "https://github.com/pointfreeco/combine-schedulers",
        "state": {
          "branch": null,
          "revision": "882ac01eb7ef9e36d4467eb4b1151e74fcef85ab",
          "version": "0.9.1"
        }
      },
      {
        "package": "ReactiveSwift",
        "repositoryURL": "https://github.com/ReactiveCocoa/ReactiveSwift.git",
        "state": {
          "branch": null,
          "revision": "40c465af19b993344e84355c00669ba2022ca3cd",
          "version": "7.1.1"
        }
      },
      {
        "package": "RxSwift",
        "repositoryURL": "https://github.com/ReactiveX/RxSwift.git",
        "state": {
          "branch": null,
          "revision": "b4307ba0b6425c0ba4178e138799946c3da594f8",
          "version": "6.5.0"
        }
      },
      {
        "package": "SocketIO",
        "repositoryURL": "https://github.com/socketio/socket.io-client-swift",
        "state": {
          "branch": null,
          "revision": "af5ce97b755d964235348d96f6db5cbdcbe334a5",
          "version": "16.0.1"
        }
      },
      {
        "package": "Starscream",
        "repositoryURL": "https://github.com/daltoniam/Starscream.git",
        "state": {
          "branch": null,
          "revision": "df8d82047f6654d8e4b655d1b1525c64e1059d21",
          "version": "4.0.4"
        }
      },
      {
        "package": "swift-clocks",
        "repositoryURL": "https://github.com/pointfreeco/swift-clocks",
        "state": {
          "branch": null,
          "revision": "20b25ca0dd88ebfb9111ec937814ddc5a8880172",
          "version": "0.2.0"
        }
      },
      {
        "package": "swift-dependencies",
        "repositoryURL": "https://github.com/pointfreeco/swift-dependencies.git",
        "state": {
          "branch": null,
          "revision": "98650d886ec950b587d671261f06d6b59dec4052",
          "version": "0.4.1"
        }
      },
      {
        "package": "swift-extension",
        "repositoryURL": "https://github.com/FullStack-Swift/swift-extension",
        "state": {
          "branch": "main",
          "revision": "6f97ddaa7c7e84be9ee86f1be8e8c1271118413c",
          "version": null
        }
      },
      {
        "package": "Json",
        "repositoryURL": "https://github.com/FullStack-Swift/swift-json",
        "state": {
          "branch": "main",
          "revision": "ac54806fd7e10587755ac5cfd802ae15ef6907d4",
          "version": null
        }
      },
      {
        "package": "xctest-dynamic-overlay",
        "repositoryURL": "https://github.com/pointfreeco/xctest-dynamic-overlay",
        "state": {
          "branch": null,
          "revision": "4af50b38daf0037cfbab15514a241224c3f62f98",
          "version": "0.8.5"
        }
      }
    ]
  },
  "version": 1
}
